
Microsoft Visual Studio Solution File, Format Version 12.00
# Visual Studio 15
VisualStudioVersion = 15.0.26730.8
MinimumVisualStudioVersion = 10.0.40219.1
Project("{9A19103F-16F7-4668-BE54-9A1E7A4F7556}") = "BugCatcher.DAL", "BugCatcher.DAL\BugCatcher.DAL.csproj", "{55612B7D-8FFA-4FC9-B74B-36744F52DACC}"
EndProject
Project("{9A19103F-16F7-4668-BE54-9A1E7A4F7556}") = "BugCatcher.DALImplementation", "BugCatcher.DALImplementation\BugCatcher.DALImplementation.csproj", "{F13D6E6E-C389-430D-A3BE-D4AB8667BB1B}"
EndProject
Project("{9A19103F-16F7-4668-BE54-9A1E7A4F7556}") = "BugCatcher.Core", "BugCatcher.Core\BugCatcher.Core.csproj", "{6841B99D-D7A8-4C18-906D-C6A970C2E946}"
EndProject
Global
	GlobalSection(SolutionConfigurationPlatforms) = preSolution
		Debug|Any CPU = Debug|Any CPU
		Release|Any CPU = Release|Any CPU
	EndGlobalSection
	GlobalSection(ProjectConfigurationPlatforms) = postSolution
		{55612B7D-8FFA-4FC9-B74B-36744F52DACC}.Debug|Any CPU.ActiveCfg = Debug|Any CPU
		{55612B7D-8FFA-4FC9-B74B-36744F52DACC}.Debug|Any CPU.Build.0 = Debug|Any CPU
		{55612B7D-8FFA-4FC9-B74B-36744F52DACC}.Release|Any CPU.ActiveCfg = Release|Any CPU
		{55612B7D-8FFA-4FC9-B74B-36744F52DACC}.Release|Any CPU.Build.0 = Release|Any CPU
		{F13D6E6E-C389-430D-A3BE-D4AB8667BB1B}.Debug|Any CPU.ActiveCfg = Debug|Any CPU
		{F13D6E6E-C389-430D-A3BE-D4AB8667BB1B}.Debug|Any CPU.Build.0 = Debug|Any CPU
		{F13D6E6E-C389-430D-A3BE-D4AB8667BB1B}.Release|Any CPU.ActiveCfg = Release|Any CPU
		{F13D6E6E-C389-430D-A3BE-D4AB8667BB1B}.Release|Any CPU.Build.0 = Release|Any CPU
		{6841B99D-D7A8-4C18-906D-C6A970C2E946}.Debug|Any CPU.ActiveCfg = Debug|Any CPU
		{6841B99D-D7A8-4C18-906D-C6A970C2E946}.Debug|Any CPU.Build.0 = Debug|Any CPU
		{6841B99D-D7A8-4C18-906D-C6A970C2E946}.Release|Any CPU.ActiveCfg = Release|Any CPU
		{6841B99D-D7A8-4C18-906D-C6A970C2E946}.Release|Any CPU.Build.0 = Release|Any CPU
	EndGlobalSection
	GlobalSection(SolutionProperties) = preSolution
		HideSolutionNode = FALSE
	EndGlobalSection
	GlobalSection(ExtensibilityGlobals) = postSolution
		SolutionGuid = {B9EB11A5-487E-4E00-BA61-9E0FFB342422}
	EndGlobalSection
EndGlobal
